
Microsoft Visual Studio Solution File, Format Version 12.00
# Visual Studio Version 17
VisualStudioVersion = 17.14.36327.8
MinimumVisualStudioVersion = 10.0.40219.1
Project("{FAE04EC0-301F-11D3-BF4B-00C04F79EFBC}") = "InstitutoVirtus.Domain", "src\InstitutoVirtus.Domain\InstitutoVirtus.Domain.csproj", "{7F186178-E31A-4A42-A20D-262EE55C4E10}"
EndProject
Project("{FAE04EC0-301F-11D3-BF4B-00C04F79EFBC}") = "InstitutoVirtus.Application", "src\InstitutoVirtus.Application\InstitutoVirtus.Application.csproj", "{F877006D-A702-471F-A65E-75815A3B75A3}"
EndProject
Project("{FAE04EC0-301F-11D3-BF4B-00C04F79EFBC}") = "InstitutoVirtus.Infrastructure", "src\InstitutoVirtus.Infrastructure\InstitutoVirtus.Infrastructure.csproj", "{8ECD8748-1E7F-46D4-83F2-56BA53668DB2}"
EndProject
Project("{FAE04EC0-301F-11D3-BF4B-00C04F79EFBC}") = "InstitutoVirtus.API", "src\InstitutoVirtus.API\InstitutoVirtus.API.csproj", "{735715E7-A317-4A49-8F8D-7F3115B09A2A}"
EndProject
Project("{FAE04EC0-301F-11D3-BF4B-00C04F79EFBC}") = "InstitutoVirtus.IntegrationTests", "tests\InstitutoVirtus.IntegrationTests\InstitutoVirtus.IntegrationTests.csproj", "{C8971F95-E36E-4909-A3EE-61E0441ACA26}"
EndProject
Global
	GlobalSection(SolutionConfigurationPlatforms) = preSolution
		Debug|Any CPU = Debug|Any CPU
		Release|Any CPU = Release|Any CPU
	EndGlobalSection
	GlobalSection(ProjectConfigurationPlatforms) = postSolution
		{7F186178-E31A-4A42-A20D-262EE55C4E10}.Debug|Any CPU.ActiveCfg = Debug|Any CPU
		{7F186178-E31A-4A42-A20D-262EE55C4E10}.Debug|Any CPU.Build.0 = Debug|Any CPU
		{7F186178-E31A-4A42-A20D-262EE55C4E10}.Release|Any CPU.ActiveCfg = Release|Any CPU
		{7F186178-E31A-4A42-A20D-262EE55C4E10}.Release|Any CPU.Build.0 = Release|Any CPU
		{F877006D-A702-471F-A65E-75815A3B75A3}.Debug|Any CPU.ActiveCfg = Debug|Any CPU
		{F877006D-A702-471F-A65E-75815A3B75A3}.Debug|Any CPU.Build.0 = Debug|Any CPU
		{F877006D-A702-471F-A65E-75815A3B75A3}.Release|Any CPU.ActiveCfg = Release|Any CPU
		{F877006D-A702-471F-A65E-75815A3B75A3}.Release|Any CPU.Build.0 = Release|Any CPU
		{8ECD8748-1E7F-46D4-83F2-56BA53668DB2}.Debug|Any CPU.ActiveCfg = Debug|Any CPU
		{8ECD8748-1E7F-46D4-83F2-56BA53668DB2}.Debug|Any CPU.Build.0 = Debug|Any CPU
		{8ECD8748-1E7F-46D4-83F2-56BA53668DB2}.Release|Any CPU.ActiveCfg = Release|Any CPU
		{8ECD8748-1E7F-46D4-83F2-56BA53668DB2}.Release|Any CPU.Build.0 = Release|Any CPU
		{735715E7-A317-4A49-8F8D-7F3115B09A2A}.Debug|Any CPU.ActiveCfg = Debug|Any CPU
		{735715E7-A317-4A49-8F8D-7F3115B09A2A}.Debug|Any CPU.Build.0 = Debug|Any CPU
		{735715E7-A317-4A49-8F8D-7F3115B09A2A}.Release|Any CPU.ActiveCfg = Release|Any CPU
		{735715E7-A317-4A49-8F8D-7F3115B09A2A}.Release|Any CPU.Build.0 = Release|Any CPU
		{C8971F95-E36E-4909-A3EE-61E0441ACA26}.Debug|Any CPU.ActiveCfg = Debug|Any CPU
		{C8971F95-E36E-4909-A3EE-61E0441ACA26}.Debug|Any CPU.Build.0 = Debug|Any CPU
		{C8971F95-E36E-4909-A3EE-61E0441ACA26}.Release|Any CPU.ActiveCfg = Release|Any CPU
		{C8971F95-E36E-4909-A3EE-61E0441ACA26}.Release|Any CPU.Build.0 = Release|Any CPU
	EndGlobalSection
	GlobalSection(SolutionProperties) = preSolution
		HideSolutionNode = FALSE
	EndGlobalSection
	GlobalSection(ExtensibilityGlobals) = postSolution
		SolutionGuid = {86B5116D-37B8-44BF-B82C-112B34241F00}
	EndGlobalSection
EndGlobal
