
Microsoft Visual Studio Solution File, Format Version 12.00
# Visual Studio Version 17
VisualStudioVersion = 17.0.31903.59
MinimumVisualStudioVersion = 10.0.40219.1
Project("{2150E333-8FDC-42A3-9474-1A3956D46DE8}") = "src", "src", "{827E0CD3-B72D-47B6-A68D-7590B98EB39B}"
EndProject
Project("{FAE04EC0-301F-11D3-BF4B-00C04F79EFBC}") = "Virtus.Domain.Tests", "tests\Virtus.Domain.Tests\Virtus.Domain.Tests.csproj", "{FF171BAB-F6AB-4C9E-841B-D8661B406404}"
EndProject
Project("{FAE04EC0-301F-11D3-BF4B-00C04F79EFBC}") = "Virtus.Domain", "src\Virtus.Domain\Virtus.Domain.csproj", "{CC9DAA28-1FC9-4183-9A8A-08686AD0C769}"
EndProject
Project("{FAE04EC0-301F-11D3-BF4B-00C04F79EFBC}") = "Virtus.Application", "src\Virtus.Application\Virtus.Application.csproj", "{0D650A6E-B5AC-4928-ABB0-F5A8906A4BCB}"
EndProject
Project("{FAE04EC0-301F-11D3-BF4B-00C04F79EFBC}") = "Virtus.Infrastructure", "src\Virtus.Infrastructure\Virtus.Infrastructure.csproj", "{E6163394-388A-45A6-A582-0595C53D9E05}"
EndProject
Project("{FAE04EC0-301F-11D3-BF4B-00C04F79EFBC}") = "Virtus.API", "src\Virtus.API\Virtus.API.csproj", "{7FAD1B3E-DA2F-49C9-B3E4-197BADDEFD71}"
EndProject
Project("{2150E333-8FDC-42A3-9474-1A3956D46DE8}") = "tests", "tests", "{0AB3BF05-4346-4AA6-1389-037BE0695223}"
EndProject
Project("{FAE04EC0-301F-11D3-BF4B-00C04F79EFBC}") = "Virtus.Application.Tests", "tests\Virtus.Application.Tests\Virtus.Application.Tests.csproj", "{FE722B08-297F-4886-85DB-9CCD1F08BC55}"
EndProject
Global
	GlobalSection(SolutionConfigurationPlatforms) = preSolution
		Debug|Any CPU = Debug|Any CPU
		Debug|x64 = Debug|x64
		Debug|x86 = Debug|x86
		Release|Any CPU = Release|Any CPU
		Release|x64 = Release|x64
		Release|x86 = Release|x86
	EndGlobalSection
	GlobalSection(ProjectConfigurationPlatforms) = postSolution
		{FF171BAB-F6AB-4C9E-841B-D8661B406404}.Debug|Any CPU.ActiveCfg = Debug|Any CPU
		{FF171BAB-F6AB-4C9E-841B-D8661B406404}.Debug|Any CPU.Build.0 = Debug|Any CPU
		{FF171BAB-F6AB-4C9E-841B-D8661B406404}.Debug|x64.ActiveCfg = Debug|Any CPU
		{FF171BAB-F6AB-4C9E-841B-D8661B406404}.Debug|x64.Build.0 = Debug|Any CPU
		{FF171BAB-F6AB-4C9E-841B-D8661B406404}.Debug|x86.ActiveCfg = Debug|Any CPU
		{FF171BAB-F6AB-4C9E-841B-D8661B406404}.Debug|x86.Build.0 = Debug|Any CPU
		{FF171BAB-F6AB-4C9E-841B-D8661B406404}.Release|Any CPU.ActiveCfg = Release|Any CPU
		{FF171BAB-F6AB-4C9E-841B-D8661B406404}.Release|Any CPU.Build.0 = Release|Any CPU
		{FF171BAB-F6AB-4C9E-841B-D8661B406404}.Release|x64.ActiveCfg = Release|Any CPU
		{FF171BAB-F6AB-4C9E-841B-D8661B406404}.Release|x64.Build.0 = Release|Any CPU
		{FF171BAB-F6AB-4C9E-841B-D8661B406404}.Release|x86.ActiveCfg = Release|Any CPU
		{FF171BAB-F6AB-4C9E-841B-D8661B406404}.Release|x86.Build.0 = Release|Any CPU
		{CC9DAA28-1FC9-4183-9A8A-08686AD0C769}.Debug|Any CPU.ActiveCfg = Debug|Any CPU
		{CC9DAA28-1FC9-4183-9A8A-08686AD0C769}.Debug|Any CPU.Build.0 = Debug|Any CPU
		{CC9DAA28-1FC9-4183-9A8A-08686AD0C769}.Debug|x64.ActiveCfg = Debug|Any CPU
		{CC9DAA28-1FC9-4183-9A8A-08686AD0C769}.Debug|x64.Build.0 = Debug|Any CPU
		{CC9DAA28-1FC9-4183-9A8A-08686AD0C769}.Debug|x86.ActiveCfg = Debug|Any CPU
		{CC9DAA28-1FC9-4183-9A8A-08686AD0C769}.Debug|x86.Build.0 = Debug|Any CPU
		{CC9DAA28-1FC9-4183-9A8A-08686AD0C769}.Release|Any CPU.ActiveCfg = Release|Any CPU
		{CC9DAA28-1FC9-4183-9A8A-08686AD0C769}.Release|Any CPU.Build.0 = Release|Any CPU
		{CC9DAA28-1FC9-4183-9A8A-08686AD0C769}.Release|x64.ActiveCfg = Release|Any CPU
		{CC9DAA28-1FC9-4183-9A8A-08686AD0C769}.Release|x64.Build.0 = Release|Any CPU
		{CC9DAA28-1FC9-4183-9A8A-08686AD0C769}.Release|x86.ActiveCfg = Release|Any CPU
		{CC9DAA28-1FC9-4183-9A8A-08686AD0C769}.Release|x86.Build.0 = Release|Any CPU
		{0D650A6E-B5AC-4928-ABB0-F5A8906A4BCB}.Debug|Any CPU.ActiveCfg = Debug|Any CPU
		{0D650A6E-B5AC-4928-ABB0-F5A8906A4BCB}.Debug|Any CPU.Build.0 = Debug|Any CPU
		{0D650A6E-B5AC-4928-ABB0-F5A8906A4BCB}.Debug|x64.ActiveCfg = Debug|Any CPU
		{0D650A6E-B5AC-4928-ABB0-F5A8906A4BCB}.Debug|x64.Build.0 = Debug|Any CPU
		{0D650A6E-B5AC-4928-ABB0-F5A8906A4BCB}.Debug|x86.ActiveCfg = Debug|Any CPU
		{0D650A6E-B5AC-4928-ABB0-F5A8906A4BCB}.Debug|x86.Build.0 = Debug|Any CPU
		{0D650A6E-B5AC-4928-ABB0-F5A8906A4BCB}.Release|Any CPU.ActiveCfg = Release|Any CPU
		{0D650A6E-B5AC-4928-ABB0-F5A8906A4BCB}.Release|Any CPU.Build.0 = Release|Any CPU
		{0D650A6E-B5AC-4928-ABB0-F5A8906A4BCB}.Release|x64.ActiveCfg = Release|Any CPU
		{0D650A6E-B5AC-4928-ABB0-F5A8906A4BCB}.Release|x64.Build.0 = Release|Any CPU
		{0D650A6E-B5AC-4928-ABB0-F5A8906A4BCB}.Release|x86.ActiveCfg = Release|Any CPU
		{0D650A6E-B5AC-4928-ABB0-F5A8906A4BCB}.Release|x86.Build.0 = Release|Any CPU
		{E6163394-388A-45A6-A582-0595C53D9E05}.Debug|Any CPU.ActiveCfg = Debug|Any CPU
		{E6163394-388A-45A6-A582-0595C53D9E05}.Debug|Any CPU.Build.0 = Debug|Any CPU
		{E6163394-388A-45A6-A582-0595C53D9E05}.Debug|x64.ActiveCfg = Debug|Any CPU
		{E6163394-388A-45A6-A582-0595C53D9E05}.Debug|x64.Build.0 = Debug|Any CPU
		{E6163394-388A-45A6-A582-0595C53D9E05}.Debug|x86.ActiveCfg = Debug|Any CPU
		{E6163394-388A-45A6-A582-0595C53D9E05}.Debug|x86.Build.0 = Debug|Any CPU
		{E6163394-388A-45A6-A582-0595C53D9E05}.Release|Any CPU.ActiveCfg = Release|Any CPU
		{E6163394-388A-45A6-A582-0595C53D9E05}.Release|Any CPU.Build.0 = Release|Any CPU
		{E6163394-388A-45A6-A582-0595C53D9E05}.Release|x64.ActiveCfg = Release|Any CPU
		{E6163394-388A-45A6-A582-0595C53D9E05}.Release|x64.Build.0 = Release|Any CPU
		{E6163394-388A-45A6-A582-0595C53D9E05}.Release|x86.ActiveCfg = Release|Any CPU
		{E6163394-388A-45A6-A582-0595C53D9E05}.Release|x86.Build.0 = Release|Any CPU
		{7FAD1B3E-DA2F-49C9-B3E4-197BADDEFD71}.Debug|Any CPU.ActiveCfg = Debug|Any CPU
		{7FAD1B3E-DA2F-49C9-B3E4-197BADDEFD71}.Debug|Any CPU.Build.0 = Debug|Any CPU
		{7FAD1B3E-DA2F-49C9-B3E4-197BADDEFD71}.Debug|x64.ActiveCfg = Debug|Any CPU
		{7FAD1B3E-DA2F-49C9-B3E4-197BADDEFD71}.Debug|x64.Build.0 = Debug|Any CPU
		{7FAD1B3E-DA2F-49C9-B3E4-197BADDEFD71}.Debug|x86.ActiveCfg = Debug|Any CPU
		{7FAD1B3E-DA2F-49C9-B3E4-197BADDEFD71}.Debug|x86.Build.0 = Debug|Any CPU
		{7FAD1B3E-DA2F-49C9-B3E4-197BADDEFD71}.Release|Any CPU.ActiveCfg = Release|Any CPU
		{7FAD1B3E-DA2F-49C9-B3E4-197BADDEFD71}.Release|Any CPU.Build.0 = Release|Any CPU
		{7FAD1B3E-DA2F-49C9-B3E4-197BADDEFD71}.Release|x64.ActiveCfg = Release|Any CPU
		{7FAD1B3E-DA2F-49C9-B3E4-197BADDEFD71}.Release|x64.Build.0 = Release|Any CPU
		{7FAD1B3E-DA2F-49C9-B3E4-197BADDEFD71}.Release|x86.ActiveCfg = Release|Any CPU
		{7FAD1B3E-DA2F-49C9-B3E4-197BADDEFD71}.Release|x86.Build.0 = Release|Any CPU
		{FE722B08-297F-4886-85DB-9CCD1F08BC55}.Debug|Any CPU.ActiveCfg = Debug|Any CPU
		{FE722B08-297F-4886-85DB-9CCD1F08BC55}.Debug|Any CPU.Build.0 = Debug|Any CPU
		{FE722B08-297F-4886-85DB-9CCD1F08BC55}.Debug|x64.ActiveCfg = Debug|Any CPU
		{FE722B08-297F-4886-85DB-9CCD1F08BC55}.Debug|x64.Build.0 = Debug|Any CPU
		{FE722B08-297F-4886-85DB-9CCD1F08BC55}.Debug|x86.ActiveCfg = Debug|Any CPU
		{FE722B08-297F-4886-85DB-9CCD1F08BC55}.Debug|x86.Build.0 = Debug|Any CPU
		{FE722B08-297F-4886-85DB-9CCD1F08BC55}.Release|Any CPU.ActiveCfg = Release|Any CPU
		{FE722B08-297F-4886-85DB-9CCD1F08BC55}.Release|Any CPU.Build.0 = Release|Any CPU
		{FE722B08-297F-4886-85DB-9CCD1F08BC55}.Release|x64.ActiveCfg = Release|Any CPU
		{FE722B08-297F-4886-85DB-9CCD1F08BC55}.Release|x64.Build.0 = Release|Any CPU
		{FE722B08-297F-4886-85DB-9CCD1F08BC55}.Release|x86.ActiveCfg = Release|Any CPU
		{FE722B08-297F-4886-85DB-9CCD1F08BC55}.Release|x86.Build.0 = Release|Any CPU
	EndGlobalSection
	GlobalSection(SolutionProperties) = preSolution
		HideSolutionNode = FALSE
	EndGlobalSection
	GlobalSection(NestedProjects) = preSolution
		{FF171BAB-F6AB-4C9E-841B-D8661B406404} = {0AB3BF05-4346-4AA6-1389-037BE0695223}
		{CC9DAA28-1FC9-4183-9A8A-08686AD0C769} = {827E0CD3-B72D-47B6-A68D-7590B98EB39B}
		{0D650A6E-B5AC-4928-ABB0-F5A8906A4BCB} = {827E0CD3-B72D-47B6-A68D-7590B98EB39B}
		{E6163394-388A-45A6-A582-0595C53D9E05} = {827E0CD3-B72D-47B6-A68D-7590B98EB39B}
		{7FAD1B3E-DA2F-49C9-B3E4-197BADDEFD71} = {827E0CD3-B72D-47B6-A68D-7590B98EB39B}
		{FE722B08-297F-4886-85DB-9CCD1F08BC55} = {0AB3BF05-4346-4AA6-1389-037BE0695223}
	EndGlobalSection
EndGlobal
